
Microsoft Visual Studio Solution File, Format Version 12.00
# Visual Studio Version 17
VisualStudioVersion = 17.7.34221.43
MinimumVisualStudioVersion = 10.0.40219.1
Project("{FAE04EC0-301F-11D3-BF4B-00C04F79EFBC}") = "lab6.2", "lab6.2.csproj", "{11E30805-6E89-47BF-9800-B013F81E3E7D}"
EndProject
Global
	GlobalSection(SolutionConfigurationPlatforms) = preSolution
		Debug|Any CPU = Debug|Any CPU
		Release|Any CPU = Release|Any CPU
	EndGlobalSection
	GlobalSection(ProjectConfigurationPlatforms) = postSolution
		{11E30805-6E89-47BF-9800-B013F81E3E7D}.Debug|Any CPU.ActiveCfg = Debug|Any CPU
		{11E30805-6E89-47BF-9800-B013F81E3E7D}.Debug|Any CPU.Build.0 = Debug|Any CPU
		{11E30805-6E89-47BF-9800-B013F81E3E7D}.Release|Any CPU.ActiveCfg = Release|Any CPU
		{11E30805-6E89-47BF-9800-B013F81E3E7D}.Release|Any CPU.Build.0 = Release|Any CPU
	EndGlobalSection
	GlobalSection(SolutionProperties) = preSolution
		HideSolutionNode = FALSE
	EndGlobalSection
	GlobalSection(ExtensibilityGlobals) = postSolution
		SolutionGuid = {C99E5AEE-C9D9-4FC3-9638-8A1ACACA2822}
	EndGlobalSection
EndGlobal
