
Microsoft Visual Studio Solution File, Format Version 12.00
# Visual Studio Version 17
VisualStudioVersion = 17.7.34221.43
MinimumVisualStudioVersion = 10.0.40219.1
Project("{FAE04EC0-301F-11D3-BF4B-00C04F79EFBC}") = "tapsk2", "tapsk2.csproj", "{DFA2A590-1B7C-47E8-9782-0C05D59A8148}"
EndProject
Global
	GlobalSection(SolutionConfigurationPlatforms) = preSolution
		Debug|Any CPU = Debug|Any CPU
		Release|Any CPU = Release|Any CPU
	EndGlobalSection
	GlobalSection(ProjectConfigurationPlatforms) = postSolution
		{DFA2A590-1B7C-47E8-9782-0C05D59A8148}.Debug|Any CPU.ActiveCfg = Debug|Any CPU
		{DFA2A590-1B7C-47E8-9782-0C05D59A8148}.Debug|Any CPU.Build.0 = Debug|Any CPU
		{DFA2A590-1B7C-47E8-9782-0C05D59A8148}.Release|Any CPU.ActiveCfg = Release|Any CPU
		{DFA2A590-1B7C-47E8-9782-0C05D59A8148}.Release|Any CPU.Build.0 = Release|Any CPU
	EndGlobalSection
	GlobalSection(SolutionProperties) = preSolution
		HideSolutionNode = FALSE
	EndGlobalSection
	GlobalSection(ExtensibilityGlobals) = postSolution
		SolutionGuid = {3A829C82-1C12-4A3A-AD97-52CDEB066237}
	EndGlobalSection
EndGlobal
